
Microsoft Visual Studio Solution File, Format Version 12.00
# Visual Studio Version 17
VisualStudioVersion = 17.11.35312.102
MinimumVisualStudioVersion = 10.0.40219.1
Project("{FAE04EC0-301F-11D3-BF4B-00C04F79EFBC}") = "Programik", "Programik.csproj", "{CF5B1E7F-5CD2-4B16-9681-02D17B784BE9}"
EndProject
Global
	GlobalSection(SolutionConfigurationPlatforms) = preSolution
		Debug|Any CPU = Debug|Any CPU
		Release|Any CPU = Release|Any CPU
	EndGlobalSection
	GlobalSection(ProjectConfigurationPlatforms) = postSolution
		{CF5B1E7F-5CD2-4B16-9681-02D17B784BE9}.Debug|Any CPU.ActiveCfg = Debug|Any CPU
		{CF5B1E7F-5CD2-4B16-9681-02D17B784BE9}.Debug|Any CPU.Build.0 = Debug|Any CPU
		{CF5B1E7F-5CD2-4B16-9681-02D17B784BE9}.Release|Any CPU.ActiveCfg = Release|Any CPU
		{CF5B1E7F-5CD2-4B16-9681-02D17B784BE9}.Release|Any CPU.Build.0 = Release|Any CPU
	EndGlobalSection
	GlobalSection(SolutionProperties) = preSolution
		HideSolutionNode = FALSE
	EndGlobalSection
	GlobalSection(ExtensibilityGlobals) = postSolution
		SolutionGuid = {588A876F-240E-4E09-91B8-D6BC2992E20D}
	EndGlobalSection
EndGlobal
